version = 1
revision = 3
requires-python = "==3.12.*"

[[package]]
name = "cellacdc"
version = "0.1.0"
source = { editable = "." }
dependencies = [
    { name = "numpy" },
    { name = "pyopengl" },
    { name = "pyqtgraph" },
    { name = "pyside6" },
    { name = "python-lucide" },
    { name = "qtpy" },
    { name = "scipy" },
    { name = "tifffile" },
    { name = "vispy" },
]

[package.dev-dependencies]
dev = [
    { name = "pytest" },
]

[package.metadata]
requires-dist = [
    { name = "numpy", specifier = ">=1.26" },
    { name = "pyopengl", specifier = ">=3.1.10" },
    { name = "pyqtgraph", specifier = ">=0.13" },
    { name = "pyside6", specifier = ">=6.6" },
    { name = "python-lucide", specifier = ">=0.2.24" },
    { name = "qtpy", specifier = ">=2.4" },
    { name = "scipy", specifier = ">=1.11" },
    { name = "tifffile", specifier = ">=2024.2.12" },
    { name = "vispy", specifier = ">=0.14" },
]

[package.metadata.requires-dev]
dev = [{ name = "pytest", specifier = ">=8" }]

[[package]]
name = "colorama"
version = "0.4.6"
source = { registry = "https://pypi.org/simple" }
sdist = { url = "https://files.pythonhosted.org/packages/d8/53/6f443c9a4a8358a93a6792e2acffb9d9d5cb0a5cfd8802644b7b1c9a02e4/colorama-0.4.6.tar.gz", hash = "sha256:08695f5cb7ed6e0531a20572697297273c47b8cae5a63ffc6d6ed5c201be6e44", size = 27697, upload-time = "2022-10-25T02:36:22.414Z" }
wheels = [
    { url = "https://files.pythonhosted.org/packages/d1/d6/3965ed04c63042e047cb6a3e6ed1a63a35087b6a609aa3a15ed8ac56c221/colorama-0.4.6-py2.py3-none-any.whl", hash = "sha256:4f1d9991f5acc0ca119f9d443620b77f9d6b33703e51011c16baf57afb285fc6", size = 25335, upload-time = "2022-10-25T02:36:20.889Z" },
]

[[package]]
name = "freetype-py"
version = "2.5.1"
source = { registry = "https://pypi.org/simple" }
sdist = { url = "https://files.pythonhosted.org/packages/d0/9c/61ba17f846b922c2d6d101cc886b0e8fb597c109cedfcb39b8c5d2304b54/freetype-py-2.5.1.zip", hash = "sha256:cfe2686a174d0dd3d71a9d8ee9bf6a2c23f5872385cf8ce9f24af83d076e2fbd", size = 851738, upload-time = "2024-08-29T18:32:26.37Z" }
wheels = [
    { url = "https://files.pythonhosted.org/packages/38/a8/258dd138ebe60c79cd8cfaa6d021599208a33f0175a5e29b01f60c9ab2c7/freetype_py-2.5.1-py3-none-macosx_10_9_universal2.whl", hash = "sha256:d01ded2557694f06aa0413f3400c0c0b2b5ebcaabeef7aaf3d756be44f51e90b", size = 1747885, upload-time = "2024-08-29T18:32:17.604Z" },
    { url = "https://files.pythonhosted.org/packages/a2/93/280ad06dc944e40789b0a641492321a2792db82edda485369cbc59d14366/freetype_py-2.5.1-py3-none-manylinux_2_17_aarch64.manylinux2014_aarch64.whl", hash = "sha256:5d2f6b3d68496797da23204b3b9c4e77e67559c80390fc0dc8b3f454ae1cd819", size = 1051055, upload-time = "2024-08-29T18:32:19.153Z" },
    { url = "https://files.pythonhosted.org/packages/b6/36/853cad240ec63e21a37a512ee19c896b655ce1772d803a3dd80fccfe63fe/freetype_py-2.5.1-py3-none-manylinux_2_5_x86_64.manylinux1_x86_64.manylinux_2_12_x86_64.manylinux2010_x86_64.whl", hash = "sha256:289b443547e03a4f85302e3ac91376838e0d11636050166662a4f75e3087ed0b", size = 1043856, upload-time = "2024-08-29T18:32:20.565Z" },
    { url = "https://files.pythonhosted.org/packages/93/6f/fcc1789e42b8c6617c3112196d68e87bfe7d957d80812d3c24d639782dcb/freetype_py-2.5.1-py3-none-musllinux_1_1_aarch64.whl", hash = "sha256:cd3bfdbb7e1a84818cfbc8025fca3096f4f2afcd5d4641184bf0a3a2e6f97bbf", size = 1108180, upload-time = "2024-08-29T18:32:21.871Z" },
    { url = "https://files.pythonhosted.org/packages/2a/1b/161d3a6244b8a820aef188e4397a750d4a8196316809576d015f26594296/freetype_py-2.5.1-py3-none-musllinux_1_1_x86_64.whl", hash = "sha256:3c1aefc4f0d5b7425f014daccc5fdc7c6f914fb7d6a695cc684f1c09cd8c1660", size = 1106792, upload-time = "2024-08-29T18:32:23.134Z" },
    { url = "https://files.pythonhosted.org/packages/93/6e/bd7fbfacca077bc6f34f1a1109800a2c41ab50f4704d3a0507ba41009915/freetype_py-2.5.1-py3-none-win_amd64.whl", hash = "sha256:0b7f8e0342779f65ca13ef8bc103938366fecade23e6bb37cb671c2b8ad7f124", size = 814608, upload-time = "2024-08-29T18:32:24.648Z" },
]

[[package]]
name = "hsluv"
version = "5.0.4"
source = { registry = "https://pypi.org/simple" }
sdist = { url = "https://files.pythonhosted.org/packages/ac/81/af16607fa045724e515579d312577261b436f36f419e7c677e7e88fcc943/hsluv-5.0.4.tar.gz", hash = "sha256:2281f946427a882010042844a38c7bbe9e0d0aaf9d46babe46366ed6f169b72e", size = 543090, upload-time = "2023-09-11T21:46:52.022Z" }
wheels = [
    { url = "https://files.pythonhosted.org/packages/96/36/5bddefea3d7adf22a64f9aa9701492f8a9fe6948223f5cf2602c22ec9be7/hsluv-5.0.4-py2.py3-none-any.whl", hash = "sha256:0138bd10038e2ee1b13eecae9a7d49d4ec8c320b1d7eb4f860832c792e3e4567", size = 5252, upload-time = "2023-09-11T21:46:50.407Z" },
]

[[package]]
name = "iniconfig"
version = "2.3.0"
source = { registry = "https://pypi.org/simple" }
sdist = { url = "https://files.pythonhosted.org/packages/72/34/14ca021ce8e5dfedc35312d08ba8bf51fdd999c576889fc2c24cb97f4f10/iniconfig-2.3.0.tar.gz", hash = "sha256:c76315c77db068650d49c5b56314774a7804df16fee4402c1f19d6d15d8c4730", size = 20503, upload-time = "2025-10-18T21:55:43.219Z" }
wheels = [
    { url = "https://files.pythonhosted.org/packages/cb/b1/3846dd7f199d53cb17f49cba7e651e9ce294d8497c8c150530ed11865bb8/iniconfig-2.3.0-py3-none-any.whl", hash = "sha256:f631c04d2c48c52b84d0d0549c99ff3859c98df65b3101406327ecc7d53fbf12", size = 7484, upload-time = "2025-10-18T21:55:41.639Z" },
]

[[package]]
name = "kiwisolver"
version = "1.5.0"
source = { registry = "https://pypi.org/simple" }
sdist = { url = "https://files.pythonhosted.org/packages/d0/67/9c61eccb13f0bdca9307614e782fec49ffdde0f7a2314935d489fa93cd9c/kiwisolver-1.5.0.tar.gz", hash = "sha256:d4193f3d9dc3f6f79aaed0e5637f45d98850ebf01f7ca20e69457f3e8946b66a", size = 103482, upload-time = "2026-03-09T13:15:53.382Z" }
wheels = [
    { url = "https://files.pythonhosted.org/packages/4d/b2/818b74ebea34dabe6d0c51cb1c572e046730e64844da6ed646d5298c40ce/kiwisolver-1.5.0-cp312-cp312-macosx_10_13_universal2.whl", hash = "sha256:4e9750bc21b886308024f8a54ccb9a2cc38ac9fa813bf4348434e3d54f337ff9", size = 123158, upload-time = "2026-03-09T13:13:23.127Z" },
    { url = "https://files.pythonhosted.org/packages/bf/d9/405320f8077e8e1c5c4bd6adc45e1e6edf6d727b6da7f2e2533cf58bff71/kiwisolver-1.5.0-cp312-cp312-macosx_10_13_x86_64.whl", hash = "sha256:72ec46b7eba5b395e0a7b63025490d3214c11013f4aacb4f5e8d6c3041829588", size = 66388, upload-time = "2026-03-09T13:13:24.765Z" },
    { url = "https://files.pythonhosted.org/packages/99/9f/795fedf35634f746151ca8839d05681ceb6287fbed6cc1c9bf235f7887c2/kiwisolver-1.5.0-cp312-cp312-macosx_11_0_arm64.whl", hash = "sha256:ed3a984b31da7481b103f68776f7128a89ef26ed40f4dc41a2223cda7fb24819", size = 64068, upload-time = "2026-03-09T13:13:25.878Z" },
    { url = "https://files.pythonhosted.org/packages/c4/13/680c54afe3e65767bed7ec1a15571e1a2f1257128733851ade24abcefbcc/kiwisolver-1.5.0-cp312-cp312-manylinux2014_x86_64.manylinux_2_17_x86_64.whl", hash = "sha256:bb5136fb5352d3f422df33f0c879a1b0c204004324150cc3b5e3c4f310c9049f", size = 1477934, upload-time = "2026-03-09T13:13:27.166Z" },
    { url = "https://files.pythonhosted.org/packages/c8/2f/cebfcdb60fd6a9b0f6b47a9337198bcbad6fbe15e68189b7011fd914911f/kiwisolver-1.5.0-cp312-cp312-manylinux_2_24_aarch64.manylinux_2_28_aarch64.whl", hash = "sha256:b2af221f268f5af85e776a73d62b0845fc8baf8ef0abfae79d29c77d0e776aaf", size = 1278537, upload-time = "2026-03-09T13:13:28.707Z" },
    { url = "https://files.pythonhosted.org/packages/f2/0d/9b782923aada3fafb1d6b84e13121954515c669b18af0c26e7d21f579855/kiwisolver-1.5.0-cp312-cp312-manylinux_2_24_ppc64le.manylinux_2_28_ppc64le.whl", hash = "sha256:b0f172dc8ffaccb8522d7c5d899de00133f2f1ca7b0a49b7da98e901de87bf2d", size = 1296685, upload-time = "2026-03-09T13:13:30.528Z" },
    { url = "https://files.pythonhosted.org/packages/27/70/83241b6634b04fe44e892688d5208332bde130f38e610c0418f9ede47ded/kiwisolver-1.5.0-cp312-cp312-manylinux_2_24_s390x.manylinux_2_28_s390x.whl", hash = "sha256:6ab8ba9152203feec73758dad83af9a0bbe05001eb4639e547207c40cfb52083", size = 1346024, upload-time = "2026-03-09T13:13:32.818Z" },
    { url = "https://files.pythonhosted.org/packages/e4/db/30ed226fb271ae1a6431fc0fe0edffb2efe23cadb01e798caeb9f2ceae8f/kiwisolver-1.5.0-cp312-cp312-manylinux_2_39_riscv64.whl", hash = "sha256:cdee07c4d7f6d72008d3f73b9bf027f4e11550224c7c50d8df1ae4a37c1402a6", size = 987241, upload-time = "2026-03-09T13:13:34.435Z" },
    { url = "https://files.pythonhosted.org/packages/ec/bd/c314595208e4c9587652d50959ead9e461995389664e490f4dce7ff0f782/kiwisolver-1.5.0-cp312-cp312-musllinux_1_2_aarch64.whl", hash = "sha256:7c60d3c9b06fb23bd9c6139281ccbdc384297579ae037f08ae90c69f6845c0b1", size = 2227742, upload-time = "2026-03-09T13:13:36.4Z" },
    { url = "https://files.pythonhosted.org/packages/c1/43/0499cec932d935229b5543d073c2b87c9c22846aab48881e9d8d6e742a2d/kiwisolver-1.5.0-cp312-cp312-musllinux_1_2_ppc64le.whl", hash = "sha256:e315e5ec90d88e140f57696ff85b484ff68bb311e36f2c414aa4286293e6dee0", size = 2323966, upload-time = "2026-03-09T13:13:38.204Z" },
    { url = "https://files.pythonhosted.org/packages/3d/6f/79b0d760907965acfd9d61826a3d41f8f093c538f55cd2633d3f0db269f6/kiwisolver-1.5.0-cp312-cp312-musllinux_1_2_riscv64.whl", hash = "sha256:1465387ac63576c3e125e5337a6892b9e99e0627d52317f3ca79e6930d889d15", size = 1977417, upload-time = "2026-03-09T13:13:39.966Z" },
    { url = "https://files.pythonhosted.org/packages/ab/31/01d0537c41cb75a551a438c3c7a80d0c60d60b81f694dac83dd436aec0d0/kiwisolver-1.5.0-cp312-cp312-musllinux_1_2_s390x.whl", hash = "sha256:530a3fd64c87cffa844d4b6b9768774763d9caa299e9b75d8eca6a4423b31314", size = 2491238, upload-time = "2026-03-09T13:13:41.698Z" },
    { url = "https://files.pythonhosted.org/packages/e4/34/8aefdd0be9cfd00a44509251ba864f5caf2991e36772e61c408007e7f417/kiwisolver-1.5.0-cp312-cp312-musllinux_1_2_x86_64.whl", hash = "sha256:1d9daea4ea6b9be74fe2f01f7fbade8d6ffab263e781274cffca0dba9be9eec9", size = 2294947, upload-time = "2026-03-09T13:13:43.343Z" },
    { url = "https://files.pythonhosted.org/packages/ad/cf/0348374369ca588f8fe9c338fae49fa4e16eeb10ffb3d012f23a54578a9e/kiwisolver-1.5.0-cp312-cp312-win_amd64.whl", hash = "sha256:f18c2d9782259a6dc132fdc7a63c168cbc74b35284b6d75c673958982a378384", size = 73569, upload-time = "2026-03-09T13:13:45.792Z" },
    { url = "https://files.pythonhosted.org/packages/28/26/192b26196e2316e2bd29deef67e37cdf9870d9af8e085e521afff0fed526/kiwisolver-1.5.0-cp312-cp312-win_arm64.whl", hash = "sha256:f7c7553b13f69c1b29a5bde08ddc6d9d0c8bfb84f9ed01c30db25944aeb852a7", size = 64997, upload-time = "2026-03-09T13:13:46.878Z" },
    { url = "https://files.pythonhosted.org/packages/1c/fa/2910df836372d8761bb6eff7d8bdcb1613b5c2e03f260efe7abe34d388a7/kiwisolver-1.5.0-graalpy312-graalpy250_312_native-macosx_10_13_x86_64.whl", hash = "sha256:5ae8e62c147495b01a0f4765c878e9bfdf843412446a247e28df59936e99e797", size = 130262, upload-time = "2026-03-09T13:15:35.629Z" },
    { url = "https://files.pythonhosted.org/packages/0f/41/c5f71f9f00aabcc71fee8b7475e3f64747282580c2fe748961ba29b18385/kiwisolver-1.5.0-graalpy312-graalpy250_312_native-macosx_11_0_arm64.whl", hash = "sha256:f6764a4ccab3078db14a632420930f6186058750df066b8ea2a7106df91d3203", size = 138036, upload-time = "2026-03-09T13:15:36.894Z" },
    { url = "https://files.pythonhosted.org/packages/fa/06/7399a607f434119c6e1fdc8ec89a8d51ccccadf3341dee4ead6bd14caaf5/kiwisolver-1.5.0-graalpy312-graalpy250_312_native-manylinux_2_24_x86_64.manylinux_2_28_x86_64.whl", hash = "sha256:c31c13da98624f957b0fb1b5bae5383b2333c2c3f6793d9825dd5ce79b525cb7", size = 194295, upload-time = "2026-03-09T13:15:38.22Z" },
    { url = "https://files.pythonhosted.org/packages/b5/91/53255615acd2a1eaca307ede3c90eb550bae9c94581f8c00081b6b1c8f44/kiwisolver-1.5.0-graalpy312-graalpy250_312_native-win_amd64.whl", hash = "sha256:1f1489f769582498610e015a8ef2d36f28f505ab3096d0e16b4858a9ec214f57", size = 75987, upload-time = "2026-03-09T13:15:39.65Z" },
]

[[package]]
name = "numpy"
version = "2.4.6"
source = { registry = "https://pypi.org/simple" }
sdist = { url = "https://files.pythonhosted.org/packages/d0/ad/fed0499ce6a338d2a03ebae59cd15093910c8875328855781952abf6c2fe/numpy-2.4.6.tar.gz", hash = "sha256:f3a3570c4a2a16746ac2c31a7c7c7b0c186b95ce902e33db6f28094ed7387dda", size = 20735807, upload-time = "2026-05-18T23:37:14.07Z" }
wheels = [
    { url = "https://files.pythonhosted.org/packages/95/2a/3d7b5ac8aac24feaf9ad7ed58f45b0bbc06d37e4338ae84c9f2298b570f9/numpy-2.4.6-cp312-cp312-macosx_10_13_x86_64.whl", hash = "sha256:001fbb8e08d942dd57599e781f2472269ee7f2755fae407b4f67b2f0b17da3f1", size = 16689119, upload-time = "2026-05-18T23:33:54.065Z" },
    { url = "https://files.pythonhosted.org/packages/ea/12/92c4c131527599e8288d6918e888d88726f84d805d784b771f32408aeaef/numpy-2.4.6-cp312-cp312-macosx_11_0_arm64.whl", hash = "sha256:ebfb099f8dcf083deef3ac1ca4c1503f387cf76296fcb3816b66f5ecb5f54fdb", size = 14699246, upload-time = "2026-05-18T23:33:57.621Z" },
    { url = "https://files.pythonhosted.org/packages/ad/fe/c0a6b7b2ca128a8fb228575147073b660656734b8ebe4d76c8fd748dcc79/numpy-2.4.6-cp312-cp312-macosx_14_0_arm64.whl", hash = "sha256:3213d622a0283a39a93d188f3cf72b26862df52fbb4ca3697f51705016523d41", size = 5204410, upload-time = "2026-05-18T23:34:00.302Z" },
    { url = "https://files.pythonhosted.org/packages/f3/d4/9770d14ba719432bb90a421bfd443872ed0f70f7264b64bec12ea363d5fd/numpy-2.4.6-cp312-cp312-macosx_14_0_x86_64.whl", hash = "sha256:357cc07a6d7b0b182ff02249616a03742827ebb1277546b5c7cd7f7620a45698", size = 6551240, upload-time = "2026-05-18T23:34:02.852Z" },
    { url = "https://files.pythonhosted.org/packages/c9/c6/50a46a6205feba2343f1d6d17438107c5dc491ed1c736e6ea68689fd906b/numpy-2.4.6-cp312-cp312-manylinux_2_27_aarch64.manylinux_2_28_aarch64.whl", hash = "sha256:5f9fb9157b4ce2971008323afe46053787b526ef624fea915b261468a8421a0f", size = 15671012, upload-time = "2026-05-18T23:34:05.485Z" },
    { url = "https://files.pythonhosted.org/packages/99/60/14115e6364fa676c5397c2ad3004e527e9aa487abf5d0706ec81bbd08529/numpy-2.4.6-cp312-cp312-manylinux_2_27_x86_64.manylinux_2_28_x86_64.whl", hash = "sha256:90f9849678c75fe7afa2d348ac842c168b0a4d3d61919687216dfc547976d853", size = 16645538, upload-time = "2026-05-18T23:34:09.265Z" },
    { url = "https://files.pythonhosted.org/packages/ae/c5/693cbe59e57db94d2231fa519ca3978dc9e19da5a8f088588f5c6e947ff2/numpy-2.4.6-cp312-cp312-musllinux_1_2_aarch64.whl", hash = "sha256:c1a2af6c6ef86344a6b0db6b97834208bf598db514f2b155042439b62605601a", size = 17020706, upload-time = "2026-05-18T23:34:13.053Z" },
    { url = "https://files.pythonhosted.org/packages/ef/fc/85b7c4eff9b4966ade25c2273cf7e7012e92366c032058653934b37de044/numpy-2.4.6-cp312-cp312-musllinux_1_2_x86_64.whl", hash = "sha256:e5805d5a22fd19c8ccff10a9561f9df94436b0545619ea579db2d3c35294bce2", size = 18368541, upload-time = "2026-05-18T23:34:17.024Z" },
    { url = "https://files.pythonhosted.org/packages/f6/81/e1b27545deedce7f4a0b348618c6b62d74e36a4dc9ccd42f3eb2f85eee32/numpy-2.4.6-cp312-cp312-win32.whl", hash = "sha256:e3eeb0aabd6bd5ce64faae67e9935203a6991b4bc2a485a767fbafb2c5125f45", size = 5962825, upload-time = "2026-05-18T23:34:20.3Z" },
    { url = "https://files.pythonhosted.org/packages/ab/ca/feab00bd44aa5fe1ad2c18f08b4d3bb92e26484b0b1d1443897809ed528c/numpy-2.4.6-cp312-cp312-win_amd64.whl", hash = "sha256:d8e8286dd7cea7895157318d1b91cdacac64c479f3cbc8dce548331728484751", size = 12321687, upload-time = "2026-05-18T23:34:23.095Z" },
    { url = "https://files.pythonhosted.org/packages/63/cf/5a6d34850a39d1093558564f77ee8e8e0bee5061151b8f05a55711001ec7/numpy-2.4.6-cp312-cp312-win_arm64.whl", hash = "sha256:4081eb135ac24158bd51cdfbef16f1c64df7063b1143f24731387137c092bec8", size = 10221482, upload-time = "2026-05-18T23:34:25.876Z" },
]

[[package]]
name = "packaging"
version = "26.2"
source = { registry = "https://pypi.org/simple" }
sdist = { url = "https://files.pythonhosted.org/packages/d7/f1/e7a6dd94a8d4a5626c03e4e99c87f241ba9e350cd9e6d75123f992427270/packaging-26.2.tar.gz", hash = "sha256:ff452ff5a3e828ce110190feff1178bb1f2ea2281fa2075aadb987c2fb221661", size = 228134, upload-time = "2026-04-24T20:15:23.917Z" }
wheels = [
    { url = "https://files.pythonhosted.org/packages/df/b2/87e62e8c3e2f4b32e5fe99e0b86d576da1312593b39f47d8ceef365e95ed/packaging-26.2-py3-none-any.whl", hash = "sha256:5fc45236b9446107ff2415ce77c807cee2862cb6fac22b8a73826d0693b0980e", size = 100195, upload-time = "2026-04-24T20:15:22.081Z" },
]

[[package]]
name = "pluggy"
version = "1.6.0"
source = { registry = "https://pypi.org/simple" }
sdist = { url = "https://files.pythonhosted.org/packages/f9/e2/3e91f31a7d2b083fe6ef3fa267035b518369d9511ffab804f839851d2779/pluggy-1.6.0.tar.gz", hash = "sha256:7dcc130b76258d33b90f61b658791dede3486c3e6bfb003ee5c9bfb396dd22f3", size = 69412, upload-time = "2025-05-15T12:30:07.975Z" }
wheels = [
    { url = "https://files.pythonhosted.org/packages/54/20/4d324d65cc6d9205fabedc306948156824eb9f0ee1633355a8f7ec5c66bf/pluggy-1.6.0-py3-none-any.whl", hash = "sha256:e920276dd6813095e9377c0bc5566d94c932c33b27a3e3945d8389c374dd4746", size = 20538, upload-time = "2025-05-15T12:30:06.134Z" },
]

[[package]]
name = "pygments"
version = "2.20.0"
source = { registry = "https://pypi.org/simple" }
sdist = { url = "https://files.pythonhosted.org/packages/c3/b2/bc9c9196916376152d655522fdcebac55e66de6603a76a02bca1b6414f6c/pygments-2.20.0.tar.gz", hash = "sha256:6757cd03768053ff99f3039c1a36d6c0aa0b263438fcab17520b30a303a82b5f", size = 4955991, upload-time = "2026-03-29T13:29:33.898Z" }
wheels = [
    { url = "https://files.pythonhosted.org/packages/f4/7e/a72dd26f3b0f4f2bf1dd8923c85f7ceb43172af56d63c7383eb62b332364/pygments-2.20.0-py3-none-any.whl", hash = "sha256:81a9e26dd42fd28a23a2d169d86d7ac03b46e2f8b59ed4698fb4785f946d0176", size = 1231151, upload-time = "2026-03-29T13:29:30.038Z" },
]

[[package]]
name = "pyopengl"
version = "3.1.10"
source = { registry = "https://pypi.org/simple" }
sdist = { url = "https://files.pythonhosted.org/packages/6f/16/912b7225d56284859cd9a672827f18be43f8012f8b7b932bc4bd959a298e/pyopengl-3.1.10.tar.gz", hash = "sha256:c4a02d6866b54eb119c8e9b3fb04fa835a95ab802dd96607ab4cdb0012df8335", size = 1915580, upload-time = "2025-08-18T02:33:01.76Z" }
wheels = [
    { url = "https://files.pythonhosted.org/packages/de/e4/1ba6f44e491c4eece978685230dde56b14d51a0365bc1b774ddaa94d14cd/pyopengl-3.1.10-py3-none-any.whl", hash = "sha256:794a943daced39300879e4e47bd94525280685f42dbb5a998d336cfff151d74f", size = 3194996, upload-time = "2025-08-18T02:32:59.902Z" },
]

[[package]]
name = "pyqtgraph"
version = "0.14.0"
source = { registry = "https://pypi.org/simple" }
dependencies = [
    { name = "colorama" },
    { name = "numpy" },
]
wheels = [
    { url = "https://files.pythonhosted.org/packages/32/36/4c242f81fdcbfa4fb62a5645f6af79191f4097a0577bd5460c24f19cc4ef/pyqtgraph-0.14.0-py3-none-any.whl", hash = "sha256:7abb7c3e17362add64f8711b474dffac5e7b0e9245abdf992e9a44119b7aa4f5", size = 1924755, upload-time = "2025-11-16T19:43:22.251Z" },
]

[[package]]
name = "pyside6"
version = "6.11.1"
source = { registry = "https://pypi.org/simple" }
dependencies = [
    { name = "pyside6-addons" },
    { name = "pyside6-essentials" },
    { name = "shiboken6" },
]
wheels = [
    { url = "https://files.pythonhosted.org/packages/da/a6/27ba5947ed48918f7b74b7c43a1e280aac069e36f25adeb4c9adfac835c4/pyside6-6.11.1-cp310-abi3-macosx_13_0_universal2.whl", hash = "sha256:537682c3b7530817203e667c1f5a2f00486b37bf52c52eeab438544c7a0917f6", size = 571921, upload-time = "2026-05-13T09:47:36.402Z" },
    { url = "https://files.pythonhosted.org/packages/d8/de/af89d71410c83b10654d86ff9aff2a4f87c30163658f1cc145242e222526/pyside6-6.11.1-cp310-abi3-manylinux_2_34_x86_64.whl", hash = "sha256:b1fc521ba2bb5109425ab8add06bddbdd524abcad06cfa012cc39a22a189feb2", size = 572102, upload-time = "2026-05-13T09:47:38.249Z" },
    { url = "https://files.pythonhosted.org/packages/b6/0e/d583bd3f7bf5046a4497b36f3902cfb64aa29554489a5a25c18e6b4ac0ac/pyside6-6.11.1-cp310-abi3-manylinux_2_39_aarch64.whl", hash = "sha256:75f0005c3eb95c07cfb65522ec50d0815ac007a96482c21dc3cb4b4c04895d84", size = 572098, upload-time = "2026-05-13T09:47:39.44Z" },
    { url = "https://files.pythonhosted.org/packages/57/f2/d9d8ce1373dabb37e5919f63cd18446556079631d3f2eea3ada03c29f6b8/pyside6-6.11.1-cp310-abi3-win_amd64.whl", hash = "sha256:0968877ab1fb4ef3587a284da6fe05e8647ada56a6a3750b6395188e01f4aba6", size = 578377, upload-time = "2026-05-13T09:47:40.76Z" },
    { url = "https://files.pythonhosted.org/packages/96/02/a6057d8bd2bdb1940820fff2d627fdf4013148c9c57adf69fa40d3452ac3/pyside6-6.11.1-cp310-abi3-win_arm64.whl", hash = "sha256:acee467cb5f256cc47ebb9d815a054c1d8416da380c191b247a76d164aa3f805", size = 561765, upload-time = "2026-05-13T09:47:41.9Z" },
]

[[package]]
name = "pyside6-addons"
version = "6.11.1"
source = { registry = "https://pypi.org/simple" }
dependencies = [
    { name = "pyside6-essentials" },
    { name = "shiboken6" },
]
wheels = [
    { url = "https://files.pythonhosted.org/packages/3f/6b/8bc94aff48b63f788f2d84e5467c12362d68906ba742c0942f46cb04c879/pyside6_addons-6.11.1-cp310-abi3-macosx_13_0_universal2.whl", hash = "sha256:54733c77f789bef5f03c6aff4ad3bec8b2eff021f0cfcbc53d5e6c250ded24f9", size = 331714589, upload-time = "2026-05-13T09:39:12.36Z" },
    { url = "https://files.pythonhosted.org/packages/dd/62/fb1428a523b2a4541e232aab50d9e789e6b4526f37fd9593452a7ea5b6b3/pyside6_addons-6.11.1-cp310-abi3-manylinux_2_34_x86_64.whl", hash = "sha256:8e6c65fbd73a512d6f72cda8d8277444a85a34dc99dd1dae9c21d35b8671bb1f", size = 175063224, upload-time = "2026-05-13T09:39:34.185Z" },
    { url = "https://files.pythonhosted.org/packages/ee/9b/2ccd52f66db55c06de65d0501170a1935d04d64d0a230c0d892284a02ce3/pyside6_addons-6.11.1-cp310-abi3-manylinux_2_39_aarch64.whl", hash = "sha256:bf1c6c4e954e5eba3d2a7c661ad4b9689e8f09c7f4a16bdf29713371d11af993", size = 170553429, upload-time = "2026-05-13T09:39:54.424Z" },
    { url = "https://files.pythonhosted.org/packages/9a/bd/8adc4d350b3b363f3dfc8fccdcf5bfed25f7e36c2fff30c64e106f4f1572/pyside6_addons-6.11.1-cp310-abi3-win_amd64.whl", hash = "sha256:0d13c4dfd671b050a48e4f8d8ddc724b7248f9c0437e7fc47fdf316278572923", size = 168816308, upload-time = "2026-05-13T09:40:13.541Z" },
    { url = "https://files.pythonhosted.org/packages/65/b7/9a840d97f0f0f04e372a87e205dd30ee285b4e3b021b188459a917c9dc76/pyside6_addons-6.11.1-cp310-abi3-win_arm64.whl", hash = "sha256:3494f480dee92f415be2f2d989c0b3f4755ac332b28045cbf4ba0f5c5a22ba37", size = 35759347, upload-time = "2026-05-13T09:40:21.199Z" },
]

[[package]]
name = "pyside6-essentials"
version = "6.11.1"
source = { registry = "https://pypi.org/simple" }
dependencies = [
    { name = "shiboken6" },
]
wheels = [
    { url = "https://files.pythonhosted.org/packages/b3/da/10d9197e7370eb4fed8df5fc547b7548dec88e5c5949e2d450db4ae96feb/pyside6_essentials-6.11.1-cp310-abi3-macosx_13_0_universal2.whl", hash = "sha256:228de53c2bc26b07e5021fbe3614fc44ca08e4dab9999af08c2b389d2c239957", size = 110352945, upload-time = "2026-05-13T09:43:08.006Z" },
    { url = "https://files.pythonhosted.org/packages/5c/49/0e1237c4400bec7e335d2c4eeb49bc40d9fd88a9ac44ca9083ce1abdc308/pyside6_essentials-6.11.1-cp310-abi3-manylinux_2_34_x86_64.whl", hash = "sha256:e3ef7027b41e4e55fadb56e3b3257dc8ee92154b639fe67fc4c8e05e9d976c60", size = 79908535, upload-time = "2026-05-13T09:43:24.836Z" },
    { url = "https://files.pythonhosted.org/packages/4c/c5/da4c5f23c6540ac5211a1f60177c8dee84b1bf40f2719479587ab8c60731/pyside6_essentials-6.11.1-cp310-abi3-manylinux_2_39_aarch64.whl", hash = "sha256:a039b6da68a3a4b9d243217b2b98d475eed3f617159ef6be925badab53c11b0d", size = 78960051, upload-time = "2026-05-13T09:43:35.423Z" },
    { url = "https://files.pythonhosted.org/packages/64/0e/b663ecc96ca57b5c91b83b6615d6b174380b0faf30338125c26e053d6aa7/pyside6_essentials-6.11.1-cp310-abi3-win_amd64.whl", hash = "sha256:63311bd48e32c584599ab04b9ef7c324082374cd2c9fa533f978fb893bb47e40", size = 77549267, upload-time = "2026-05-13T09:43:44.92Z" },
    { url = "https://files.pythonhosted.org/packages/f1/12/eb6723faf5cb7fa581145da1c15f40d641b96e080f0491af2f1859fdeedb/pyside6_essentials-6.11.1-cp310-abi3-win_arm64.whl", hash = "sha256:11253ea52aabecefe9febddbbe78b43a824129e3af1cec98431028fba7fa954f", size = 57964512, upload-time = "2026-05-13T09:43:52.968Z" },
]

[[package]]
name = "pytest"
version = "9.0.3"
source = { registry = "https://pypi.org/simple" }
dependencies = [
    { name = "colorama", marker = "sys_platform == 'win32'" },
    { name = "iniconfig" },
    { name = "packaging" },
    { name = "pluggy" },
    { name = "pygments" },
]
sdist = { url = "https://files.pythonhosted.org/packages/7d/0d/549bd94f1a0a402dc8cf64563a117c0f3765662e2e668477624baeec44d5/pytest-9.0.3.tar.gz", hash = "sha256:b86ada508af81d19edeb213c681b1d48246c1a91d304c6c81a427674c17eb91c", size = 1572165, upload-time = "2026-04-07T17:16:18.027Z" }
wheels = [
    { url = "https://files.pythonhosted.org/packages/d4/24/a372aaf5c9b7208e7112038812994107bc65a84cd00e0354a88c2c77a617/pytest-9.0.3-py3-none-any.whl", hash = "sha256:2c5efc453d45394fdd706ade797c0a81091eccd1d6e4bccfcd476e2b8e0ab5d9", size = 375249, upload-time = "2026-04-07T17:16:16.13Z" },
]

[[package]]
name = "python-lucide"
version = "0.2.24"
source = { registry = "https://pypi.org/simple" }
sdist = { url = "https://files.pythonhosted.org/packages/92/d5/6b1e02cfd44b835d925cc0792ef83405c3625ec92b121d1d787f07bb65cb/python_lucide-0.2.24.tar.gz", hash = "sha256:b3490601beae87d9a0c8c845e11bf90dbc1b29ea42bd88682a0d5ae6202bc54c", size = 162977, upload-time = "2026-03-29T15:51:47.505Z" }
wheels = [
    { url = "https://files.pythonhosted.org/packages/4a/44/ff862ad1c85f15c265a78d732137cea032e93773dff079425ac0d3d355a1/python_lucide-0.2.24-py3-none-any.whl", hash = "sha256:fc8c7d4ddd045d112490956f7c17db3e5c68013b023c0055eb5a65cc0520caee", size = 157366, upload-time = "2026-03-29T15:51:46.538Z" },
]

[[package]]
name = "qtpy"
version = "2.4.3"
source = { registry = "https://pypi.org/simple" }
dependencies = [
    { name = "packaging" },
]
sdist = { url = "https://files.pythonhosted.org/packages/70/01/392eba83c8e47b946b929d7c46e0f04b35e9671f8bb6fc36b6f7945b4de8/qtpy-2.4.3.tar.gz", hash = "sha256:db744f7832e6d3da90568ba6ccbca3ee2b3b4a890c3d6fbbc63142f6e4cdf5bb", size = 66982, upload-time = "2025-02-11T15:09:25.759Z" }
wheels = [
    { url = "https://files.pythonhosted.org/packages/69/76/37c0ccd5ab968a6a438f9c623aeecc84c202ab2fabc6a8fd927580c15b5a/QtPy-2.4.3-py3-none-any.whl", hash = "sha256:72095afe13673e017946cc258b8d5da43314197b741ed2890e563cf384b51aa1", size = 95045, upload-time = "2025-02-11T15:09:24.162Z" },
]

[[package]]
name = "scipy"
version = "1.17.1"
source = { registry = "https://pypi.org/simple" }
dependencies = [
    { name = "numpy" },
]
sdist = { url = "https://files.pythonhosted.org/packages/7a/97/5a3609c4f8d58b039179648e62dd220f89864f56f7357f5d4f45c29eb2cc/scipy-1.17.1.tar.gz", hash = "sha256:95d8e012d8cb8816c226aef832200b1d45109ed4464303e997c5b13122b297c0", size = 30573822, upload-time = "2026-02-23T00:26:24.851Z" }
wheels = [
    { url = "https://files.pythonhosted.org/packages/35/48/b992b488d6f299dbe3f11a20b24d3dda3d46f1a635ede1c46b5b17a7b163/scipy-1.17.1-cp312-cp312-macosx_10_14_x86_64.whl", hash = "sha256:35c3a56d2ef83efc372eaec584314bd0ef2e2f0d2adb21c55e6ad5b344c0dcb8", size = 31610954, upload-time = "2026-02-23T00:17:49.855Z" },
    { url = "https://files.pythonhosted.org/packages/b2/02/cf107b01494c19dc100f1d0b7ac3cc08666e96ba2d64db7626066cee895e/scipy-1.17.1-cp312-cp312-macosx_12_0_arm64.whl", hash = "sha256:fcb310ddb270a06114bb64bbe53c94926b943f5b7f0842194d585c65eb4edd76", size = 28172662, upload-time = "2026-02-23T00:18:01.64Z" },
    { url = "https://files.pythonhosted.org/packages/cf/a9/599c28631bad314d219cf9ffd40e985b24d603fc8a2f4ccc5ae8419a535b/scipy-1.17.1-cp312-cp312-macosx_14_0_arm64.whl", hash = "sha256:cc90d2e9c7e5c7f1a482c9875007c095c3194b1cfedca3c2f3291cdc2bc7c086", size = 20344366, upload-time = "2026-02-23T00:18:12.015Z" },
    { url = "https://files.pythonhosted.org/packages/35/f5/906eda513271c8deb5af284e5ef0206d17a96239af79f9fa0aebfe0e36b4/scipy-1.17.1-cp312-cp312-macosx_14_0_x86_64.whl", hash = "sha256:c80be5ede8f3f8eded4eff73cc99a25c388ce98e555b17d31da05287015ffa5b", size = 22704017, upload-time = "2026-02-23T00:18:21.502Z" },
    { url = "https://files.pythonhosted.org/packages/da/34/16f10e3042d2f1d6b66e0428308ab52224b6a23049cb2f5c1756f713815f/scipy-1.17.1-cp312-cp312-manylinux_2_27_aarch64.manylinux_2_28_aarch64.whl", hash = "sha256:e19ebea31758fac5893a2ac360fedd00116cbb7628e650842a6691ba7ca28a21", size = 32927842, upload-time = "2026-02-23T00:18:35.367Z" },
    { url = "https://files.pythonhosted.org/packages/01/8e/1e35281b8ab6d5d72ebe9911edcdffa3f36b04ed9d51dec6dd140396e220/scipy-1.17.1-cp312-cp312-manylinux_2_27_x86_64.manylinux_2_28_x86_64.whl", hash = "sha256:02ae3b274fde71c5e92ac4d54bc06c42d80e399fec704383dcd99b301df37458", size = 35235890, upload-time = "2026-02-23T00:18:49.188Z" },
    { url = "https://files.pythonhosted.org/packages/c5/5c/9d7f4c88bea6e0d5a4f1bc0506a53a00e9fcb198de372bfe4d3652cef482/scipy-1.17.1-cp312-cp312-musllinux_1_2_aarch64.whl", hash = "sha256:8a604bae87c6195d8b1045eddece0514d041604b14f2727bbc2b3020172045eb", size = 35003557, upload-time = "2026-02-23T00:18:54.74Z" },
    { url = "https://files.pythonhosted.org/packages/65/94/7698add8f276dbab7a9de9fb6b0e02fc13ee61d51c7c3f85ac28b65e1239/scipy-1.17.1-cp312-cp312-musllinux_1_2_x86_64.whl", hash = "sha256:f590cd684941912d10becc07325a3eeb77886fe981415660d9265c4c418d0bea", size = 37625856, upload-time = "2026-02-23T00:19:00.307Z" },
    { url = "https://files.pythonhosted.org/packages/a2/84/dc08d77fbf3d87d3ee27f6a0c6dcce1de5829a64f2eae85a0ecc1f0daa73/scipy-1.17.1-cp312-cp312-win_amd64.whl", hash = "sha256:41b71f4a3a4cab9d366cd9065b288efc4d4f3c0b37a91a8e0947fb5bd7f31d87", size = 36549682, upload-time = "2026-02-23T00:19:07.67Z" },
    { url = "https://files.pythonhosted.org/packages/bc/98/fe9ae9ffb3b54b62559f52dedaebe204b408db8109a8c66fdd04869e6424/scipy-1.17.1-cp312-cp312-win_arm64.whl", hash = "sha256:f4115102802df98b2b0db3cce5cb9b92572633a1197c77b7553e5203f284a5b3", size = 24547340, upload-time = "2026-02-23T00:19:12.024Z" },
]

[[package]]
name = "shiboken6"
version = "6.11.1"
source = { registry = "https://pypi.org/simple" }
wheels = [
    { url = "https://files.pythonhosted.org/packages/17/f3/f2b63df0251e7cd3172ea28e32ede52739de9566bcefcd0178681538ac81/shiboken6-6.11.1-cp310-abi3-macosx_13_0_universal2.whl", hash = "sha256:1a16867f103ef1c662a5f09dfed03273a9f81688b174555162c58e83650a3f02", size = 476874, upload-time = "2026-05-13T09:47:01.091Z" },
    { url = "https://files.pythonhosted.org/packages/c7/9b/e0355d8897b5c150770f1d95718aad17d432fcc9c035c04f3f58427d4693/shiboken6-6.11.1-cp310-abi3-manylinux_2_34_x86_64.whl", hash = "sha256:9a8bccfafc8805254cabcfa1edfaf55cd52889f4998c91ad0d9a4433fb1bcdbe", size = 272222, upload-time = "2026-05-13T09:47:02.653Z" },
    { url = "https://files.pythonhosted.org/packages/57/d5/dd4f1defed400be03340f2ede34b61f846776650b4e7ed9ebaf4c71979a2/shiboken6-6.11.1-cp310-abi3-manylinux_2_39_aarch64.whl", hash = "sha256:1bd2f4314414df2d122d9f646e03b731bc6d6b5f77a5f53f99a4fe4e97d84e6f", size = 270350, upload-time = "2026-05-13T09:47:04.02Z" },
    { url = "https://files.pythonhosted.org/packages/52/b5/3f6fb2ee65b534193fb4ef713dd619dc31dadff5d12c16979a7699ad58be/shiboken6-6.11.1-cp310-abi3-win_amd64.whl", hash = "sha256:c2c6863aa80ec18c0f82cea3417837b279cdc60024ac17123461dc9042577df7", size = 1223647, upload-time = "2026-05-13T09:47:05.924Z" },
    { url = "https://files.pythonhosted.org/packages/98/d1/f15ca0e1666faae02c945f48e745ea35f8fcd8243b176109b4e2c4251f47/shiboken6-6.11.1-cp310-abi3-win_arm64.whl", hash = "sha256:7c8d9af17db4495d4fa5b1c393f218311c4855546b9dfa6a0bd21bcd66b55e9d", size = 1784170, upload-time = "2026-05-13T09:47:07.617Z" },
]

[[package]]
name = "tifffile"
version = "2026.5.15"
source = { registry = "https://pypi.org/simple" }
dependencies = [
    { name = "numpy" },
]
sdist = { url = "https://files.pythonhosted.org/packages/40/66/0aef917d525767a40edebe088f8ed6a4417e6eb489c58f6805bfa872636b/tifffile-2026.5.15.tar.gz", hash = "sha256:ee4f3e07ee0d8ff4745a8c735ac2b72caa3173c7d6059b00fdc3ff492a0b635b", size = 429998, upload-time = "2026-05-15T20:04:55.896Z" }
wheels = [
    { url = "https://files.pythonhosted.org/packages/1f/6e/7d8850ff112f8f80d394ca45e89b975a3a43559d47af3137b767669b3294/tifffile-2026.5.15-py3-none-any.whl", hash = "sha256:6715515a53cabc0cefc5c9f13a0ae2c250e63e2ca784ce02d0b6c333810c2a17", size = 266665, upload-time = "2026-05-15T20:04:54.227Z" },
]

[[package]]
name = "vispy"
version = "0.16.2"
source = { registry = "https://pypi.org/simple" }
dependencies = [
    { name = "freetype-py" },
    { name = "hsluv" },
    { name = "kiwisolver" },
    { name = "numpy" },
    { name = "packaging" },
]
sdist = { url = "https://files.pythonhosted.org/packages/59/05/24d898a22390b2fe563905e9cceae24b1c4393253afbb22df18143085278/vispy-0.16.2.tar.gz", hash = "sha256:09451abe8781336fd6842207cd95ce5e8609d99f13bcde898412538125c35088", size = 2522193, upload-time = "2026-05-20T13:30:00.609Z" }
wheels = [
    { url = "https://files.pythonhosted.org/packages/59/b2/7e2dd2c282880bd3f5351b43b96d718115c232ed2103a331357e85ae3f10/vispy-0.16.2-cp312-cp312-macosx_10_13_x86_64.whl", hash = "sha256:b22acc8c25fffd62f755bc7aaac1c9ebd46eee31c8062195e02d3cef65dc8487", size = 1485683, upload-time = "2026-05-20T13:29:20.493Z" },
    { url = "https://files.pythonhosted.org/packages/a1/1a/156032411642a476c7748476db5535c44b47e16f219446cd99f95c3f71b5/vispy-0.16.2-cp312-cp312-macosx_11_0_arm64.whl", hash = "sha256:8f90ffac7d129a4204d1613e437728ae01b13803ed3f5bfa1ebc97b0a458c92b", size = 1483528, upload-time = "2026-05-20T13:29:22.137Z" },
    { url = "https://files.pythonhosted.org/packages/bb/4b/1893f86215fdffeb3cb98464a122aa5636279704a459d9aedcbb8dbe35ba/vispy-0.16.2-cp312-cp312-manylinux2014_aarch64.manylinux_2_17_aarch64.manylinux_2_28_aarch64.whl", hash = "sha256:8cc5d69a8e5d45f8dce8c4e5c07ec11578e8e41f5d0a3788afb97714a66b7bae", size = 1887643, upload-time = "2026-05-20T13:29:23.453Z" },
    { url = "https://files.pythonhosted.org/packages/32/59/a793f838b1400ce04f8bca54b38bbfe09efc9fe20c0000b8bddf87658600/vispy-0.16.2-cp312-cp312-manylinux2014_x86_64.manylinux_2_17_x86_64.manylinux_2_28_x86_64.whl", hash = "sha256:c38ecae0bc8cf692c61b43d16daf2e6c7752bf1204955dccd2d5b8f768dc72b2", size = 1895252, upload-time = "2026-05-20T13:29:25.419Z" },
    { url = "https://files.pythonhosted.org/packages/70/5a/a3c5f0b139a9b2fccd07cc29ca50fab60ebc4023803b96c07ab523092dea/vispy-0.16.2-cp312-cp312-win_amd64.whl", hash = "sha256:167c5775a5797fd4bcced743dd66812c8652972ae04b36d8faed3a35bd2be26e", size = 1476369, upload-time = "2026-05-20T13:29:27.26Z" },
]
